
Microsoft Visual Studio Solution File, Format Version 12.00
Project("{FAE04EC0-301F-11D3-BF4B-00C04F79EFBC}") = "TodoApi.Domain", "TodoApi.Domain\TodoApi.Domain.csproj", "{38024D07-F630-4147-8B1C-CD8E2DE3BFB5}"
EndProject
Project("{FAE04EC0-301F-11D3-BF4B-00C04F79EFBC}") = "TodoApi.Infrastructure", "TodoApi.Infrastructure\TodoApi.Infrastructure.csproj", "{86F303C9-1C1B-46E7-96D9-B8B3853E16EF}"
EndProject
Project("{FAE04EC0-301F-11D3-BF4B-00C04F79EFBC}") = "TodoApi.Application", "TodoApi.Application\TodoApi.Application.csproj", "{1AB62A2F-34FD-4381-9DD3-FAA5F5715DE1}"
EndProject
Project("{FAE04EC0-301F-11D3-BF4B-00C04F79EFBC}") = "TodoApi.Api", "TodoApi.Api\TodoApi.Api.csproj", "{FDA18C02-AE02-4F44-8851-923B69A2ED31}"
EndProject
Global
	GlobalSection(SolutionConfigurationPlatforms) = preSolution
		Debug|Any CPU = Debug|Any CPU
		Release|Any CPU = Release|Any CPU
	EndGlobalSection
	GlobalSection(ProjectConfigurationPlatforms) = postSolution
		{38024D07-F630-4147-8B1C-CD8E2DE3BFB5}.Debug|Any CPU.ActiveCfg = Debug|Any CPU
		{38024D07-F630-4147-8B1C-CD8E2DE3BFB5}.Debug|Any CPU.Build.0 = Debug|Any CPU
		{38024D07-F630-4147-8B1C-CD8E2DE3BFB5}.Release|Any CPU.ActiveCfg = Release|Any CPU
		{38024D07-F630-4147-8B1C-CD8E2DE3BFB5}.Release|Any CPU.Build.0 = Release|Any CPU
		{86F303C9-1C1B-46E7-96D9-B8B3853E16EF}.Debug|Any CPU.ActiveCfg = Debug|Any CPU
		{86F303C9-1C1B-46E7-96D9-B8B3853E16EF}.Debug|Any CPU.Build.0 = Debug|Any CPU
		{86F303C9-1C1B-46E7-96D9-B8B3853E16EF}.Release|Any CPU.ActiveCfg = Release|Any CPU
		{86F303C9-1C1B-46E7-96D9-B8B3853E16EF}.Release|Any CPU.Build.0 = Release|Any CPU
		{1AB62A2F-34FD-4381-9DD3-FAA5F5715DE1}.Debug|Any CPU.ActiveCfg = Debug|Any CPU
		{1AB62A2F-34FD-4381-9DD3-FAA5F5715DE1}.Debug|Any CPU.Build.0 = Debug|Any CPU
		{1AB62A2F-34FD-4381-9DD3-FAA5F5715DE1}.Release|Any CPU.ActiveCfg = Release|Any CPU
		{1AB62A2F-34FD-4381-9DD3-FAA5F5715DE1}.Release|Any CPU.Build.0 = Release|Any CPU
		{FDA18C02-AE02-4F44-8851-923B69A2ED31}.Debug|Any CPU.ActiveCfg = Debug|Any CPU
		{FDA18C02-AE02-4F44-8851-923B69A2ED31}.Debug|Any CPU.Build.0 = Debug|Any CPU
		{FDA18C02-AE02-4F44-8851-923B69A2ED31}.Release|Any CPU.ActiveCfg = Release|Any CPU
		{FDA18C02-AE02-4F44-8851-923B69A2ED31}.Release|Any CPU.Build.0 = Release|Any CPU
	EndGlobalSection
EndGlobal
